// !$*UTF8*$!
{
	archiveVersion = 1;
	classes = {
	};
	objectVersion = 50;
	objects = {

/* Begin PBXBuildFile section */
		160BCEF224F2347500F6405F /* AppDelegate.swift in Sources */ = {isa = PBXBuildFile; fileRef = 160BCEF124F2347500F6405F /* AppDelegate.swift */; };
		160BCEF824F2347500F6405F /* GameScene.swift in Sources */ = {isa = PBXBuildFile; fileRef = 160BCEF724F2347500F6405F /* GameScene.swift */; };
		160BCEFA24F2347500F6405F /* ViewController.swift in Sources */ = {isa = PBXBuildFile; fileRef = 160BCEF924F2347500F6405F /* ViewController.swift */; };
		160BCEFC24F2347700F6405F /* Assets.xcassets in Resources */ = {isa = PBXBuildFile; fileRef = 160BCEFB24F2347700F6405F /* Assets.xcassets */; };
		160BCEFF24F2347700F6405F /* Main.storyboard in Resources */ = {isa = PBXBuildFile; fileRef = 160BCEFD24F2347700F6405F /* Main.storyboard */; };
		160BCF0E24F2354100F6405F /* EmptyTile.png in Resources */ = {isa = PBXBuildFile; fileRef = 160BCF0824F2354100F6405F /* EmptyTile.png */; };
		160BCF0F24F2354100F6405F /* GoldPiece.png in Resources */ = {isa = PBXBuildFile; fileRef = 160BCF0924F2354100F6405F /* GoldPiece.png */; };
		160BCF1024F2354100F6405F /* GoldWall.png in Resources */ = {isa = PBXBuildFile; fileRef = 160BCF0A24F2354100F6405F /* GoldWall.png */; };
		160BCF1124F2354100F6405F /* MoveTile.png in Resources */ = {isa = PBXBuildFile; fileRef = 160BCF0B24F2354100F6405F /* MoveTile.png */; };
		160BCF1224F2354100F6405F /* SilverPiece.png in Resources */ = {isa = PBXBuildFile; fileRef = 160BCF0C24F2354100F6405F /* SilverPiece.png */; };
		160BCF1324F2354100F6405F /* SilverWall.png in Resources */ = {isa = PBXBuildFile; fileRef = 160BCF0D24F2354100F6405F /* SilverWall.png */; };
		161091BB24FDF8D500B959EF /* Curtain.png in Resources */ = {isa = PBXBuildFile; fileRef = 161091BA24FDF8D500B959EF /* Curtain.png */; };
		161091BD24FDFDBB00B959EF /* GameScene.sks in Resources */ = {isa = PBXBuildFile; fileRef = 161091BC24FDFDBB00B959EF /* GameScene.sks */; };
		16B7E22E24F65381003FD874 /* VoidTile.png in Resources */ = {isa = PBXBuildFile; fileRef = 16B7E22D24F65381003FD874 /* VoidTile.png */; };
		16E2A248250E1416004337BC /* GameModeButton.swift in Sources */ = {isa = PBXBuildFile; fileRef = 16E2A247250E1416004337BC /* GameModeButton.swift */; };
/* End PBXBuildFile section */

/* Begin PBXFileReference section */
		160BCEEE24F2347500F6405F /* Walls.app */ = {isa = PBXFileReference; explicitFileType = wrapper.application; includeInIndex = 0; path = Walls.app; sourceTree = BUILT_PRODUCTS_DIR; };
		160BCEF124F2347500F6405F /* AppDelegate.swift */ = {isa = PBXFileReference; lastKnownFileType = sourcecode.swift; path = AppDelegate.swift; sourceTree = "<group>"; };
		160BCEF724F2347500F6405F /* GameScene.swift */ = {isa = PBXFileReference; lastKnownFileType = sourcecode.swift; path = GameScene.swift; sourceTree = "<group>"; };
		160BCEF924F2347500F6405F /* ViewController.swift */ = {isa = PBXFileReference; lastKnownFileType = sourcecode.swift; path = ViewController.swift; sourceTree = "<group>"; };
		160BCEFB24F2347700F6405F /* Assets.xcassets */ = {isa = PBXFileReference; lastKnownFileType = folder.assetcatalog; path = Assets.xcassets; sourceTree = "<group>"; };
		160BCEFE24F2347700F6405F /* Base */ = {isa = PBXFileReference; lastKnownFileType = file.storyboard; name = Base; path = Base.lproj/Main.storyboard; sourceTree = "<group>"; };
		160BCF0024F2347700F6405F /* Info.plist */ = {isa = PBXFileReference; lastKnownFileType = text.plist.xml; path = Info.plist; sourceTree = "<group>"; };
		160BCF0124F2347700F6405F /* Walls.entitlements */ = {isa = PBXFileReference; lastKnownFileType = text.plist.entitlements; path = Walls.entitlements; sourceTree = "<group>"; };
		160BCF0824F2354100F6405F /* EmptyTile.png */ = {isa = PBXFileReference; lastKnownFileType = image.png; path = EmptyTile.png; sourceTree = "<group>"; };
		160BCF0924F2354100F6405F /* GoldPiece.png */ = {isa = PBXFileReference; lastKnownFileType = image.png; path = GoldPiece.png; sourceTree = "<group>"; };
		160BCF0A24F2354100F6405F /* GoldWall.png */ = {isa = PBXFileReference; lastKnownFileType = image.png; path = GoldWall.png; sourceTree = "<group>"; };
		160BCF0B24F2354100F6405F /* MoveTile.png */ = {isa = PBXFileReference; lastKnownFileType = image.png; path = MoveTile.png; sourceTree = "<group>"; };
		160BCF0C24F2354100F6405F /* SilverPiece.png */ = {isa = PBXFileReference; lastKnownFileType = image.png; path = SilverPiece.png; sourceTree = "<group>"; };
		160BCF0D24F2354100F6405F /* SilverWall.png */ = {isa = PBXFileReference; lastKnownFileType = image.png; path = SilverWall.png; sourceTree = "<group>"; };
		161091BA24FDF8D500B959EF /* Curtain.png */ = {isa = PBXFileReference; lastKnownFileType = image.png; path = Curtain.png; sourceTree = "<group>"; };
		161091BC24FDFDBB00B959EF /* GameScene.sks */ = {isa = PBXFileReference; lastKnownFileType = file.sks; path = GameScene.sks; sourceTree = "<group>"; };
		16B7E22D24F65381003FD874 /* VoidTile.png */ = {isa = PBXFileReference; lastKnownFileType = image.png; path = VoidTile.png; sourceTree = "<group>"; };
		16E2A247250E1416004337BC /* GameModeButton.swift */ = {isa = PBXFileReference; lastKnownFileType = sourcecode.swift; path = GameModeButton.swift; sourceTree = "<group>"; };
/* End PBXFileReference section */

/* Begin PBXFrameworksBuildPhase section */
		160BCEEB24F2347500F6405F /* Frameworks */ = {
			isa = PBXFrameworksBuildPhase;
			buildActionMask = 2147483647;
			files = (
			);
			runOnlyForDeploymentPostprocessing = 0;
		};
/* End PBXFrameworksBuildPhase section */

/* Begin PBXGroup section */
		160BCEE524F2347500F6405F = {
			isa = PBXGroup;
			children = (
				160BCEF024F2347500F6405F /* Walls */,
				160BCEEF24F2347500F6405F /* Products */,
			);
			sourceTree = "<group>";
		};
		160BCEEF24F2347500F6405F /* Products */ = {
			isa = PBXGroup;
			children = (
				160BCEEE24F2347500F6405F /* Walls.app */,
			);
			name = Products;
			sourceTree = "<group>";
		};
		160BCEF024F2347500F6405F /* Walls */ = {
			isa = PBXGroup;
			children = (
				160BCEF124F2347500F6405F /* AppDelegate.swift */,
				161091BC24FDFDBB00B959EF /* GameScene.sks */,
				16E2A249250E1771004337BC /* Test Folder */,
				160BCEF724F2347500F6405F /* GameScene.swift */,
				160BCEF924F2347500F6405F /* ViewController.swift */,
				160BCEFB24F2347700F6405F /* Assets.xcassets */,
				160BCF0724F2354100F6405F /* Walls Assets */,
				160BCEFD24F2347700F6405F /* Main.storyboard */,
				160BCF0024F2347700F6405F /* Info.plist */,
				160BCF0124F2347700F6405F /* Walls.entitlements */,
			);
			path = Walls;
			sourceTree = "<group>";
		};
		160BCF0724F2354100F6405F /* Walls Assets */ = {
			isa = PBXGroup;
			children = (
				160BCF0824F2354100F6405F /* EmptyTile.png */,
				160BCF0924F2354100F6405F /* GoldPiece.png */,
				160BCF0A24F2354100F6405F /* GoldWall.png */,
				160BCF0B24F2354100F6405F /* MoveTile.png */,
				160BCF0C24F2354100F6405F /* SilverPiece.png */,
				160BCF0D24F2354100F6405F /* SilverWall.png */,
				16B7E22D24F65381003FD874 /* VoidTile.png */,
				161091BA24FDF8D500B959EF /* Curtain.png */,
			);
			path = "Walls Assets";
			sourceTree = "<group>";
		};
		16E2A249250E1771004337BC /* Test Folder */ = {
			isa = PBXGroup;
			children = (
				16E2A247250E1416004337BC /* GameModeButton.swift */,
			);
			path = "Test Folder";
			sourceTree = "<group>";
		};
/* End PBXGroup section */

/* Begin PBXNativeTarget section */
		160BCEED24F2347500F6405F /* Walls */ = {
			isa = PBXNativeTarget;
			buildConfigurationList = 160BCF0424F2347700F6405F /* Build configuration list for PBXNativeTarget "Walls" */;
			buildPhases = (
				160BCEEA24F2347500F6405F /* Sources */,
				160BCEEB24F2347500F6405F /* Frameworks */,
				160BCEEC24F2347500F6405F /* Resources */,
			);
			buildRules = (
			);
			dependencies = (
			);
			name = Walls;
			productName = Walls;
			productReference = 160BCEEE24F2347500F6405F /* Walls.app */;
			productType = "com.apple.product-type.application";
		};
/* End PBXNativeTarget section */

/* Begin PBXProject section */
		160BCEE624F2347500F6405F /* Project object */ = {
			isa = PBXProject;
			attributes = {
				LastSwiftUpdateCheck = 1010;
				LastUpgradeCheck = 1010;
				TargetAttributes = {
					160BCEED24F2347500F6405F = {
						CreatedOnToolsVersion = 10.1;
					};
				};
			};
			buildConfigurationList = 160BCEE924F2347500F6405F /* Build configuration list for PBXProject "Walls" */;
			compatibilityVersion = "Xcode 9.3";
			developmentRegion = en;
			hasScannedForEncodings = 0;
			knownRegions = (
				en,
				Base,
			);
			mainGroup = 160BCEE524F2347500F6405F;
			productRefGroup = 160BCEEF24F2347500F6405F /* Products */;
			projectDirPath = "";
			projectRoot = "";
			targets = (
				160BCEED24F2347500F6405F /* Walls */,
			);
		};
/* End PBXProject section */

/* Begin PBXResourcesBuildPhase section */
		160BCEEC24F2347500F6405F /* Resources */ = {
			isa = PBXResourcesBuildPhase;
			buildActionMask = 2147483647;
			files = (
				160BCF0F24F2354100F6405F /* GoldPiece.png in Resources */,
				160BCF0E24F2354100F6405F /* EmptyTile.png in Resources */,
				160BCEFC24F2347700F6405F /* Assets.xcassets in Resources */,
				161091BD24FDFDBB00B959EF /* GameScene.sks in Resources */,
				160BCF1324F2354100F6405F /* SilverWall.png in Resources */,
				161091BB24FDF8D500B959EF /* Curtain.png in Resources */,
				160BCF1124F2354100F6405F /* MoveTile.png in Resources */,
				160BCF1224F2354100F6405F /* SilverPiece.png in Resources */,
				16B7E22E24F65381003FD874 /* VoidTile.png in Resources */,
				160BCEFF24F2347700F6405F /* Main.storyboard in Resources */,
				160BCF1024F2354100F6405F /* GoldWall.png in Resources */,
			);
			runOnlyForDeploymentPostprocessing = 0;
		};
/* End PBXResourcesBuildPhase section */

/* Begin PBXSourcesBuildPhase section */
		160BCEEA24F2347500F6405F /* Sources */ = {
			isa = PBXSourcesBuildPhase;
			buildActionMask = 2147483647;
			files = (
				160BCEFA24F2347500F6405F /* ViewController.swift in Sources */,
				160BCEF824F2347500F6405F /* GameScene.swift in Sources */,
				16E2A248250E1416004337BC /* GameModeButton.swift in Sources */,
				160BCEF224F2347500F6405F /* AppDelegate.swift in Sources */,
			);
			runOnlyForDeploymentPostprocessing = 0;
		};
/* End PBXSourcesBuildPhase section */

/* Begin PBXVariantGroup section */
		160BCEFD24F2347700F6405F /* Main.storyboard */ = {
			isa = PBXVariantGroup;
			children = (
				160BCEFE24F2347700F6405F /* Base */,
			);
			name = Main.storyboard;
			sourceTree = "<group>";
		};
/* End PBXVariantGroup section */

/* Begin XCBuildConfiguration section */
		160BCF0224F2347700F6405F /* Debug */ = {
			isa = XCBuildConfiguration;
			buildSettings = {
				ALWAYS_SEARCH_USER_PATHS = NO;
				CLANG_ANALYZER_NONNULL = YES;
				CLANG_ANALYZER_NUMBER_OBJECT_CONVERSION = YES_AGGRESSIVE;
				CLANG_CXX_LANGUAGE_STANDARD = "gnu++14";
				CLANG_CXX_LIBRARY = "libc++";
				CLANG_ENABLE_MODULES = YES;
				CLANG_ENABLE_OBJC_ARC = YES;
				CLANG_ENABLE_OBJC_WEAK = YES;
				CLANG_WARN_BLOCK_CAPTURE_AUTORELEASING = YES;
				CLANG_WARN_BOOL_CONVERSION = YES;
				CLANG_WARN_COMMA = YES;
				CLANG_WARN_CONSTANT_CONVERSION = YES;
				CLANG_WARN_DEPRECATED_OBJC_IMPLEMENTATIONS = YES;
				CLANG_WARN_DIRECT_OBJC_ISA_USAGE = YES_ERROR;
				CLANG_WARN_DOCUMENTATION_COMMENTS = YES;
				CLANG_WARN_EMPTY_BODY = YES;
				CLANG_WARN_ENUM_CONVERSION = YES;
				CLANG_WARN_INFINITE_RECURSION = YES;
				CLANG_WARN_INT_CONVERSION = YES;
				CLANG_WARN_NON_LITERAL_NULL_CONVERSION = YES;
				CLANG_WARN_OBJC_IMPLICIT_RETAIN_SELF = YES;
				CLANG_WARN_OBJC_LITERAL_CONVERSION = YES;
				CLANG_WARN_OBJC_ROOT_CLASS = YES_ERROR;
				CLANG_WARN_RANGE_LOOP_ANALYSIS = YES;
				CLANG_WARN_STRICT_PROTOTYPES = YES;
				CLANG_WARN_SUSPICIOUS_MOVE = YES;
				CLANG_WARN_UNGUARDED_AVAILABILITY = YES_AGGRESSIVE;
				CLANG_WARN_UNREACHABLE_CODE = YES;
				CLANG_WARN__DUPLICATE_METHOD_MATCH = YES;
				CODE_SIGN_IDENTITY = "-";
				COPY_PHASE_STRIP = NO;
				DEBUG_INFORMATION_FORMAT = dwarf;
				ENABLE_STRICT_OBJC_MSGSEND = YES;
				ENABLE_TESTABILITY = YES;
				GCC_C_LANGUAGE_STANDARD = gnu11;
				GCC_DYNAMIC_NO_PIC = NO;
				GCC_NO_COMMON_BLOCKS = YES;
				GCC_OPTIMIZATION_LEVEL = 0;
				GCC_PREPROCESSOR_DEFINITIONS = (
					"DEBUG=1",
					"$(inherited)",
				);
				GCC_WARN_64_TO_32_BIT_CONVERSION = YES;
				GCC_WARN_ABOUT_RETURN_TYPE = YES_ERROR;
				GCC_WARN_UNDECLARED_SELECTOR = YES;
				GCC_WARN_UNINITIALIZED_AUTOS = YES_AGGRESSIVE;
				GCC_WARN_UNUSED_FUNCTION = YES;
				GCC_WARN_UNUSED_VARIABLE = YES;
				MACOSX_DEPLOYMENT_TARGET = 10.13;
				MTL_ENABLE_DEBUG_INFO = INCLUDE_SOURCE;
				MTL_FAST_MATH = YES;
				ONLY_ACTIVE_ARCH = YES;
				SDKROOT = macosx;
				SWIFT_ACTIVE_COMPILATION_CONDITIONS = DEBUG;
				SWIFT_OPTIMIZATION_LEVEL = "-Onone";
			};
			name = Debug;
		};
		160BCF0324F2347700F6405F /* Release */ = {
			isa = XCBuildConfiguration;
			buildSettings = {
				ALWAYS_SEARCH_USER_PATHS = NO;
				CLANG_ANALYZER_NONNULL = YES;
				CLANG_ANALYZER_NUMBER_OBJECT_CONVERSION = YES_AGGRESSIVE;
				CLANG_CXX_LANGUAGE_STANDARD = "gnu++14";
				CLANG_CXX_LIBRARY = "libc++";
				CLANG_ENABLE_MODULES = YES;
				CLANG_ENABLE_OBJC_ARC = YES;
				CLANG_ENABLE_OBJC_WEAK = YES;
				CLANG_WARN_BLOCK_CAPTURE_AUTORELEASING = YES;
				CLANG_WARN_BOOL_CONVERSION = YES;
				CLANG_WARN_COMMA = YES;
				CLANG_WARN_CONSTANT_CONVERSION = YES;
				CLANG_WARN_DEPRECATED_OBJC_IMPLEMENTATIONS = YES;
				CLANG_WARN_DIRECT_OBJC_ISA_USAGE = YES_ERROR;
				CLANG_WARN_DOCUMENTATION_COMMENTS = YES;
				CLANG_WARN_EMPTY_BODY = YES;
				CLANG_WARN_ENUM_CONVERSION = YES;
				CLANG_WARN_INFINITE_RECURSION = YES;
				CLANG_WARN_INT_CONVERSION = YES;
				CLANG_WARN_NON_LITERAL_NULL_CONVERSION = YES;
				CLANG_WARN_OBJC_IMPLICIT_RETAIN_SELF = YES;
				CLANG_WARN_OBJC_LITERAL_CONVERSION = YES;
				CLANG_WARN_OBJC_ROOT_CLASS = YES_ERROR;
				CLANG_WARN_RANGE_LOOP_ANALYSIS = YES;
				CLANG_WARN_STRICT_PROTOTYPES = YES;
				CLANG_WARN_SUSPICIOUS_MOVE = YES;
				CLANG_WARN_UNGUARDED_AVAILABILITY = YES_AGGRESSIVE;
				CLANG_WARN_UNREACHABLE_CODE = YES;
				CLANG_WARN__DUPLICATE_METHOD_MATCH = YES;
				CODE_SIGN_IDENTITY = "-";
				COPY_PHASE_STRIP = NO;
				DEBUG_INFORMATION_FORMAT = "dwarf-with-dsym";
				ENABLE_NS_ASSERTIONS = NO;
				ENABLE_STRICT_OBJC_MSGSEND = YES;
				GCC_C_LANGUAGE_STANDARD = gnu11;
				GCC_NO_COMMON_BLOCKS = YES;
				GCC_WARN_64_TO_32_BIT_CONVERSION = YES;
				GCC_WARN_ABOUT_RETURN_TYPE = YES_ERROR;
				GCC_WARN_UNDECLARED_SELECTOR = YES;
				GCC_WARN_UNINITIALIZED_AUTOS = YES_AGGRESSIVE;
				GCC_WARN_UNUSED_FUNCTION = YES;
				GCC_WARN_UNUSED_VARIABLE = YES;
				MACOSX_DEPLOYMENT_TARGET = 10.13;
				MTL_ENABLE_DEBUG_INFO = NO;
				MTL_FAST_MATH = YES;
				SDKROOT = macosx;
				SWIFT_COMPILATION_MODE = wholemodule;
				SWIFT_OPTIMIZATION_LEVEL = "-O";
			};
			name = Release;
		};
		160BCF0524F2347700F6405F /* Debug */ = {
			isa = XCBuildConfiguration;
			buildSettings = {
				ASSETCATALOG_COMPILER_APPICON_NAME = AppIcon;
				CODE_SIGN_ENTITLEMENTS = Walls/Walls.entitlements;
				CODE_SIGN_STYLE = Automatic;
				COMBINE_HIDPI_IMAGES = YES;
				INFOPLIST_FILE = Walls/Info.plist;
				LD_RUNPATH_SEARCH_PATHS = (
					"$(inherited)",
					"@executable_path/../Frameworks",
				);
				PRODUCT_BUNDLE_IDENTIFIER = "Che--deBis-Nassman.Walls";
				PRODUCT_NAME = "$(TARGET_NAME)";
				SWIFT_VERSION = 4.2;
			};
			name = Debug;
		};
		160BCF0624F2347700F6405F /* Release */ = {
			isa = XCBuildConfiguration;
			buildSettings = {
				ASSETCATALOG_COMPILER_APPICON_NAME = AppIcon;
				CODE_SIGN_ENTITLEMENTS = Walls/Walls.entitlements;
				CODE_SIGN_STYLE = Automatic;
				COMBINE_HIDPI_IMAGES = YES;
				INFOPLIST_FILE = Walls/Info.plist;
				LD_RUNPATH_SEARCH_PATHS = (
					"$(inherited)",
					"@executable_path/../Frameworks",
				);
				PRODUCT_BUNDLE_IDENTIFIER = "Che--deBis-Nassman.Walls";
				PRODUCT_NAME = "$(TARGET_NAME)";
				SWIFT_VERSION = 4.2;
			};
			name = Release;
		};
/* End XCBuildConfiguration section */

/* Begin XCConfigurationList section */
		160BCEE924F2347500F6405F /* Build configuration list for PBXProject "Walls" */ = {
			isa = XCConfigurationList;
			buildConfigurations = (
				160BCF0224F2347700F6405F /* Debug */,
				160BCF0324F2347700F6405F /* Release */,
			);
			defaultConfigurationIsVisible = 0;
			defaultConfigurationName = Release;
		};
		160BCF0424F2347700F6405F /* Build configuration list for PBXNativeTarget "Walls" */ = {
			isa = XCConfigurationList;
			buildConfigurations = (
				160BCF0524F2347700F6405F /* Debug */,
				160BCF0624F2347700F6405F /* Release */,
			);
			defaultConfigurationIsVisible = 0;
			defaultConfigurationName = Release;
		};
/* End XCConfigurationList section */
	};
	rootObject = 160BCEE624F2347500F6405F /* Project object */;
}
